
Microsoft Visual Studio Solution File, Format Version 12.00
# Visual Studio Version 17
VisualStudioVersion = 17.2.32505.173
MinimumVisualStudioVersion = 10.0.40219.1
Project("{FAE04EC0-301F-11D3-BF4B-00C04F79EFBC}") = "POSales", "POSales\POSales.csproj", "{99483387-04BE-4658-AFB2-E8B177C9174C}"
EndProject
Global
	GlobalSection(SolutionConfigurationPlatforms) = preSolution
		Debug|Any CPU = Debug|Any CPU
		Release|Any CPU = Release|Any CPU
	EndGlobalSection
	GlobalSection(ProjectConfigurationPlatforms) = postSolution
		{99483387-04BE-4658-AFB2-E8B177C9174C}.Debug|Any CPU.ActiveCfg = Debug|Any CPU
		{99483387-04BE-4658-AFB2-E8B177C9174C}.Debug|Any CPU.Build.0 = Debug|Any CPU
		{99483387-04BE-4658-AFB2-E8B177C9174C}.Release|Any CPU.ActiveCfg = Release|Any CPU
		{99483387-04BE-4658-AFB2-E8B177C9174C}.Release|Any CPU.Build.0 = Release|Any CPU
	EndGlobalSection
	GlobalSection(SolutionProperties) = preSolution
		HideSolutionNode = FALSE
	EndGlobalSection
	GlobalSection(ExtensibilityGlobals) = postSolution
		SolutionGuid = {CD0D89D8-7EA5-4042-9703-B4A7906FDE61}
	EndGlobalSection
EndGlobal
